
Microsoft Visual Studio Solution File, Format Version 12.00
# Visual Studio Version 17
VisualStudioVersion = 17.11.35312.102
MinimumVisualStudioVersion = 10.0.40219.1
Project("{FAE04EC0-301F-11D3-BF4B-00C04F79EFBC}") = "EF1-Demo", "EF1-Demo.csproj", "{5D6211DE-E500-4B4F-B13C-DE1B0ED6E197}"
EndProject
Global
	GlobalSection(SolutionConfigurationPlatforms) = preSolution
		Debug|Any CPU = Debug|Any CPU
		Release|Any CPU = Release|Any CPU
	EndGlobalSection
	GlobalSection(ProjectConfigurationPlatforms) = postSolution
		{5D6211DE-E500-4B4F-B13C-DE1B0ED6E197}.Debug|Any CPU.ActiveCfg = Debug|Any CPU
		{5D6211DE-E500-4B4F-B13C-DE1B0ED6E197}.Debug|Any CPU.Build.0 = Debug|Any CPU
		{5D6211DE-E500-4B4F-B13C-DE1B0ED6E197}.Release|Any CPU.ActiveCfg = Release|Any CPU
		{5D6211DE-E500-4B4F-B13C-DE1B0ED6E197}.Release|Any CPU.Build.0 = Release|Any CPU
	EndGlobalSection
	GlobalSection(SolutionProperties) = preSolution
		HideSolutionNode = FALSE
	EndGlobalSection
	GlobalSection(ExtensibilityGlobals) = postSolution
		SolutionGuid = {409DA5B2-9A05-4F09-89E7-AFC42A341722}
	EndGlobalSection
EndGlobal
